
Microsoft Visual Studio Solution File, Format Version 12.00
# Visual Studio Version 17
VisualStudioVersion = 17.5.33516.290
MinimumVisualStudioVersion = 10.0.40219.1
Project("{9A19103F-16F7-4668-BE54-9A1E7A4F7556}") = "DirectionalityFix", "DirectionalityFix.csproj", "{A0A6BC28-4EA8-4FC8-AEA0-5330F5041B9A}"
EndProject
Global
	GlobalSection(SolutionConfigurationPlatforms) = preSolution
		Debug|Any CPU = Debug|Any CPU
		Release|Any CPU = Release|Any CPU
	EndGlobalSection
	GlobalSection(ProjectConfigurationPlatforms) = postSolution
		{A0A6BC28-4EA8-4FC8-AEA0-5330F5041B9A}.Debug|Any CPU.ActiveCfg = Debug|Any CPU
		{A0A6BC28-4EA8-4FC8-AEA0-5330F5041B9A}.Debug|Any CPU.Build.0 = Debug|Any CPU
		{A0A6BC28-4EA8-4FC8-AEA0-5330F5041B9A}.Release|Any CPU.ActiveCfg = Release|Any CPU
		{A0A6BC28-4EA8-4FC8-AEA0-5330F5041B9A}.Release|Any CPU.Build.0 = Release|Any CPU
	EndGlobalSection
	GlobalSection(SolutionProperties) = preSolution
		HideSolutionNode = FALSE
	EndGlobalSection
	GlobalSection(ExtensibilityGlobals) = postSolution
		SolutionGuid = {1DA92DC8-C4B1-405D-9828-923C3CCCA10D}
	EndGlobalSection
EndGlobal
